// !$*UTF8*$!
{
	archiveVersion = 1;
	classes = {
	};
	objectVersion = 50;
	objects = {

/* Begin PBXBuildFile section */
		5B2D4F70268BC96300D64081 /* HomePageViewController.swift in Sources */ = {isa = PBXBuildFile; fileRef = 5B2D4F6F268BC96300D64081 /* HomePageViewController.swift */; };
		5BB48BBF268CEF1900E945FC /* Comfortaa in Resources */ = {isa = PBXBuildFile; fileRef = 5BB48BBE268CEF1900E945FC /* Comfortaa */; };
		5BB48BCD268CEFDE00E945FC /* Comfortaa-Bold.ttf in Resources */ = {isa = PBXBuildFile; fileRef = 5BB48BCC268CEFB700E945FC /* Comfortaa-Bold.ttf */; };
		5BB48BCF268CEFE500E945FC /* Comfortaa-Light.ttf in Resources */ = {isa = PBXBuildFile; fileRef = 5BB48BCB268CEFB700E945FC /* Comfortaa-Light.ttf */; };
		5BB48BD1268CEFE700E945FC /* Comfortaa-Medium.ttf in Resources */ = {isa = PBXBuildFile; fileRef = 5BB48BCA268CEFB700E945FC /* Comfortaa-Medium.ttf */; };
		5BB48BD3268CEFEA00E945FC /* Comfortaa-Regular.ttf in Resources */ = {isa = PBXBuildFile; fileRef = 5BB48BC8268CEFB700E945FC /* Comfortaa-Regular.ttf */; };
		5BB48BD5268CEFEC00E945FC /* Comfortaa-SemiBold.ttf in Resources */ = {isa = PBXBuildFile; fileRef = 5BB48BC9268CEFB700E945FC /* Comfortaa-SemiBold.ttf */; };
		5BB48BD8268CF45900E945FC /* NSAtrributedStringExtension.swift in Sources */ = {isa = PBXBuildFile; fileRef = 5BB48BD7268CF45900E945FC /* NSAtrributedStringExtension.swift */; };
		A8DB9261268BACEE005F127D /* AppDelegate.swift in Sources */ = {isa = PBXBuildFile; fileRef = A8DB9260268BACEE005F127D /* AppDelegate.swift */; };
		A8DB9263268BACEE005F127D /* SceneDelegate.swift in Sources */ = {isa = PBXBuildFile; fileRef = A8DB9262268BACEE005F127D /* SceneDelegate.swift */; };
		A8DB9265268BACEE005F127D /* ViewController.swift in Sources */ = {isa = PBXBuildFile; fileRef = A8DB9264268BACEE005F127D /* ViewController.swift */; };
		A8DB9268268BACEE005F127D /* Main.storyboard in Resources */ = {isa = PBXBuildFile; fileRef = A8DB9266268BACEE005F127D /* Main.storyboard */; };
		A8DB926B268BACEE005F127D /* mindful.xcdatamodeld in Sources */ = {isa = PBXBuildFile; fileRef = A8DB9269268BACEE005F127D /* mindful.xcdatamodeld */; };
		A8DB926D268BACF0005F127D /* Assets.xcassets in Resources */ = {isa = PBXBuildFile; fileRef = A8DB926C268BACF0005F127D /* Assets.xcassets */; };
		A8DB9270268BACF0005F127D /* LaunchScreen.storyboard in Resources */ = {isa = PBXBuildFile; fileRef = A8DB926E268BACF0005F127D /* LaunchScreen.storyboard */; };
		A8DB927E268BF54C005F127D /* LGBTQA+ViewController.swift in Sources */ = {isa = PBXBuildFile; fileRef = A8DB927D268BF54C005F127D /* LGBTQA+ViewController.swift */; };
		CBC496FA268C1C6D006EFADC /* StudentPressuresViewController.swift in Sources */ = {isa = PBXBuildFile; fileRef = CBC496F9268C1C6D006EFADC /* StudentPressuresViewController.swift */; };
		CBC496FC268C1D20006EFADC /* SocialJusticeViewController.swift in Sources */ = {isa = PBXBuildFile; fileRef = CBC496FB268C1D20006EFADC /* SocialJusticeViewController.swift */; };
		CBC496FE268C1F2A006EFADC /* CovidConcernsViewController.swift in Sources */ = {isa = PBXBuildFile; fileRef = CBC496FD268C1F2A006EFADC /* CovidConcernsViewController.swift */; };
/* End PBXBuildFile section */

/* Begin PBXFileReference section */
		5B2D4F6F268BC96300D64081 /* HomePageViewController.swift */ = {isa = PBXFileReference; lastKnownFileType = sourcecode.swift; path = HomePageViewController.swift; sourceTree = "<group>"; };
		5BB48BBE268CEF1900E945FC /* Comfortaa */ = {isa = PBXFileReference; lastKnownFileType = folder; path = Comfortaa; sourceTree = "<group>"; };
		5BB48BC8268CEFB700E945FC /* Comfortaa-Regular.ttf */ = {isa = PBXFileReference; lastKnownFileType = file; path = "Comfortaa-Regular.ttf"; sourceTree = "<group>"; };
		5BB48BC9268CEFB700E945FC /* Comfortaa-SemiBold.ttf */ = {isa = PBXFileReference; lastKnownFileType = file; path = "Comfortaa-SemiBold.ttf"; sourceTree = "<group>"; };
		5BB48BCA268CEFB700E945FC /* Comfortaa-Medium.ttf */ = {isa = PBXFileReference; lastKnownFileType = file; path = "Comfortaa-Medium.ttf"; sourceTree = "<group>"; };
		5BB48BCB268CEFB700E945FC /* Comfortaa-Light.ttf */ = {isa = PBXFileReference; lastKnownFileType = file; path = "Comfortaa-Light.ttf"; sourceTree = "<group>"; };
		5BB48BCC268CEFB700E945FC /* Comfortaa-Bold.ttf */ = {isa = PBXFileReference; lastKnownFileType = file; path = "Comfortaa-Bold.ttf"; sourceTree = "<group>"; };
		5BB48BD7268CF45900E945FC /* NSAtrributedStringExtension.swift */ = {isa = PBXFileReference; lastKnownFileType = sourcecode.swift; path = NSAtrributedStringExtension.swift; sourceTree = "<group>"; };
		A8DB925D268BACEE005F127D /* mindful.app */ = {isa = PBXFileReference; explicitFileType = wrapper.application; includeInIndex = 0; path = mindful.app; sourceTree = BUILT_PRODUCTS_DIR; };
		A8DB9260268BACEE005F127D /* AppDelegate.swift */ = {isa = PBXFileReference; lastKnownFileType = sourcecode.swift; path = AppDelegate.swift; sourceTree = "<group>"; };
		A8DB9262268BACEE005F127D /* SceneDelegate.swift */ = {isa = PBXFileReference; lastKnownFileType = sourcecode.swift; path = SceneDelegate.swift; sourceTree = "<group>"; };
		A8DB9264268BACEE005F127D /* ViewController.swift */ = {isa = PBXFileReference; lastKnownFileType = sourcecode.swift; path = ViewController.swift; sourceTree = "<group>"; };
		A8DB9267268BACEE005F127D /* Base */ = {isa = PBXFileReference; lastKnownFileType = file.storyboard; name = Base; path = Base.lproj/Main.storyboard; sourceTree = "<group>"; };
		A8DB926A268BACEE005F127D /* mindful.xcdatamodel */ = {isa = PBXFileReference; lastKnownFileType = wrapper.xcdatamodel; path = mindful.xcdatamodel; sourceTree = "<group>"; };
		A8DB926C268BACF0005F127D /* Assets.xcassets */ = {isa = PBXFileReference; lastKnownFileType = folder.assetcatalog; path = Assets.xcassets; sourceTree = "<group>"; };
		A8DB926F268BACF0005F127D /* Base */ = {isa = PBXFileReference; lastKnownFileType = file.storyboard; name = Base; path = Base.lproj/LaunchScreen.storyboard; sourceTree = "<group>"; };
		A8DB9271268BACF0005F127D /* Info.plist */ = {isa = PBXFileReference; lastKnownFileType = text.plist.xml; path = Info.plist; sourceTree = "<group>"; };
		A8DB927D268BF54C005F127D /* LGBTQA+ViewController.swift */ = {isa = PBXFileReference; lastKnownFileType = sourcecode.swift; path = "LGBTQA+ViewController.swift"; sourceTree = "<group>"; };
		CBC496F9268C1C6D006EFADC /* StudentPressuresViewController.swift */ = {isa = PBXFileReference; lastKnownFileType = sourcecode.swift; path = StudentPressuresViewController.swift; sourceTree = "<group>"; };
		CBC496FB268C1D20006EFADC /* SocialJusticeViewController.swift */ = {isa = PBXFileReference; lastKnownFileType = sourcecode.swift; path = SocialJusticeViewController.swift; sourceTree = "<group>"; };
		CBC496FD268C1F2A006EFADC /* CovidConcernsViewController.swift */ = {isa = PBXFileReference; lastKnownFileType = sourcecode.swift; path = CovidConcernsViewController.swift; sourceTree = "<group>"; };
/* End PBXFileReference section */

/* Begin PBXFrameworksBuildPhase section */
		A8DB925A268BACEE005F127D /* Frameworks */ = {
			isa = PBXFrameworksBuildPhase;
			buildActionMask = 2147483647;
			files = (
			);
			runOnlyForDeploymentPostprocessing = 0;
		};
/* End PBXFrameworksBuildPhase section */

/* Begin PBXGroup section */
		A8DB9254268BACEE005F127D = {
			isa = PBXGroup;
			children = (
				A8DB925F268BACEE005F127D /* mindful */,
				A8DB925E268BACEE005F127D /* Products */,
			);
			sourceTree = "<group>";
		};
		A8DB925E268BACEE005F127D /* Products */ = {
			isa = PBXGroup;
			children = (
				A8DB925D268BACEE005F127D /* mindful.app */,
			);
			name = Products;
			sourceTree = "<group>";
		};
		A8DB925F268BACEE005F127D /* mindful */ = {
			isa = PBXGroup;
			children = (
				5BB48BBE268CEF1900E945FC /* Comfortaa */,
				A8DB9260268BACEE005F127D /* AppDelegate.swift */,
				A8DB9262268BACEE005F127D /* SceneDelegate.swift */,
				A8DB9264268BACEE005F127D /* ViewController.swift */,
				A8DB9266268BACEE005F127D /* Main.storyboard */,
				A8DB926C268BACF0005F127D /* Assets.xcassets */,
				A8DB926E268BACF0005F127D /* LaunchScreen.storyboard */,
				A8DB9271268BACF0005F127D /* Info.plist */,
				A8DB9269268BACEE005F127D /* mindful.xcdatamodeld */,
				5B2D4F6F268BC96300D64081 /* HomePageViewController.swift */,
				A8DB927D268BF54C005F127D /* LGBTQA+ViewController.swift */,
				CBC496F9268C1C6D006EFADC /* StudentPressuresViewController.swift */,
				CBC496FB268C1D20006EFADC /* SocialJusticeViewController.swift */,
				CBC496FD268C1F2A006EFADC /* CovidConcernsViewController.swift */,
				5BB48BCC268CEFB700E945FC /* Comfortaa-Bold.ttf */,
				5BB48BCB268CEFB700E945FC /* Comfortaa-Light.ttf */,
				5BB48BCA268CEFB700E945FC /* Comfortaa-Medium.ttf */,
				5BB48BC8268CEFB700E945FC /* Comfortaa-Regular.ttf */,
				5BB48BC9268CEFB700E945FC /* Comfortaa-SemiBold.ttf */,
				5BB48BD7268CF45900E945FC /* NSAtrributedStringExtension.swift */,
			);
			path = mindful;
			sourceTree = "<group>";
		};
/* End PBXGroup section */

/* Begin PBXNativeTarget section */
		A8DB925C268BACEE005F127D /* mindful */ = {
			isa = PBXNativeTarget;
			buildConfigurationList = A8DB9274268BACF0005F127D /* Build configuration list for PBXNativeTarget "mindful" */;
			buildPhases = (
				A8DB9259268BACEE005F127D /* Sources */,
				A8DB925A268BACEE005F127D /* Frameworks */,
				A8DB925B268BACEE005F127D /* Resources */,
			);
			buildRules = (
			);
			dependencies = (
			);
			name = mindful;
			productName = mindful;
			productReference = A8DB925D268BACEE005F127D /* mindful.app */;
			productType = "com.apple.product-type.application";
		};
/* End PBXNativeTarget section */

/* Begin PBXProject section */
		A8DB9255268BACEE005F127D /* Project object */ = {
			isa = PBXProject;
			attributes = {
				LastSwiftUpdateCheck = 1250;
				LastUpgradeCheck = 1250;
				TargetAttributes = {
					A8DB925C268BACEE005F127D = {
						CreatedOnToolsVersion = 12.5;
					};
				};
			};
			buildConfigurationList = A8DB9258268BACEE005F127D /* Build configuration list for PBXProject "mindful" */;
			compatibilityVersion = "Xcode 9.3";
			developmentRegion = en;
			hasScannedForEncodings = 0;
			knownRegions = (
				en,
				Base,
			);
			mainGroup = A8DB9254268BACEE005F127D;
			productRefGroup = A8DB925E268BACEE005F127D /* Products */;
			projectDirPath = "";
			projectRoot = "";
			targets = (
				A8DB925C268BACEE005F127D /* mindful */,
			);
		};
/* End PBXProject section */

/* Begin PBXResourcesBuildPhase section */
		A8DB925B268BACEE005F127D /* Resources */ = {
			isa = PBXResourcesBuildPhase;
			buildActionMask = 2147483647;
			files = (
				A8DB9270268BACF0005F127D /* LaunchScreen.storyboard in Resources */,
				5BB48BBF268CEF1900E945FC /* Comfortaa in Resources */,
				5BB48BD5268CEFEC00E945FC /* Comfortaa-SemiBold.ttf in Resources */,
				5BB48BD1268CEFE700E945FC /* Comfortaa-Medium.ttf in Resources */,
				5BB48BCD268CEFDE00E945FC /* Comfortaa-Bold.ttf in Resources */,
				5BB48BD3268CEFEA00E945FC /* Comfortaa-Regular.ttf in Resources */,
				A8DB926D268BACF0005F127D /* Assets.xcassets in Resources */,
				5BB48BCF268CEFE500E945FC /* Comfortaa-Light.ttf in Resources */,
				A8DB9268268BACEE005F127D /* Main.storyboard in Resources */,
			);
			runOnlyForDeploymentPostprocessing = 0;
		};
/* End PBXResourcesBuildPhase section */

/* Begin PBXSourcesBuildPhase section */
		A8DB9259268BACEE005F127D /* Sources */ = {
			isa = PBXSourcesBuildPhase;
			buildActionMask = 2147483647;
			files = (
				A8DB9265268BACEE005F127D /* ViewController.swift in Sources */,
				A8DB9261268BACEE005F127D /* AppDelegate.swift in Sources */,
				CBC496FA268C1C6D006EFADC /* StudentPressuresViewController.swift in Sources */,
				5BB48BD8268CF45900E945FC /* NSAtrributedStringExtension.swift in Sources */,
				A8DB9263268BACEE005F127D /* SceneDelegate.swift in Sources */,
				CBC496FE268C1F2A006EFADC /* CovidConcernsViewController.swift in Sources */,
				A8DB927E268BF54C005F127D /* LGBTQA+ViewController.swift in Sources */,
				5B2D4F70268BC96300D64081 /* HomePageViewController.swift in Sources */,
				A8DB926B268BACEE005F127D /* mindful.xcdatamodeld in Sources */,
				CBC496FC268C1D20006EFADC /* SocialJusticeViewController.swift in Sources */,
			);
			runOnlyForDeploymentPostprocessing = 0;
		};
/* End PBXSourcesBuildPhase section */

/* Begin PBXVariantGroup section */
		A8DB9266268BACEE005F127D /* Main.storyboard */ = {
			isa = PBXVariantGroup;
			children = (
				A8DB9267268BACEE005F127D /* Base */,
			);
			name = Main.storyboard;
			sourceTree = "<group>";
		};
		A8DB926E268BACF0005F127D /* LaunchScreen.storyboard */ = {
			isa = PBXVariantGroup;
			children = (
				A8DB926F268BACF0005F127D /* Base */,
			);
			name = LaunchScreen.storyboard;
			sourceTree = "<group>";
		};
/* End PBXVariantGroup section */

/* Begin XCBuildConfiguration section */
		A8DB9272268BACF0005F127D /* Debug */ = {
			isa = XCBuildConfiguration;
			buildSettings = {
				ALWAYS_SEARCH_USER_PATHS = NO;
				CLANG_ANALYZER_NONNULL = YES;
				CLANG_ANALYZER_NUMBER_OBJECT_CONVERSION = YES_AGGRESSIVE;
				CLANG_CXX_LANGUAGE_STANDARD = "gnu++14";
				CLANG_CXX_LIBRARY = "libc++";
				CLANG_ENABLE_MODULES = YES;
				CLANG_ENABLE_OBJC_ARC = YES;
				CLANG_ENABLE_OBJC_WEAK = YES;
				CLANG_WARN_BLOCK_CAPTURE_AUTORELEASING = YES;
				CLANG_WARN_BOOL_CONVERSION = YES;
				CLANG_WARN_COMMA = YES;
				CLANG_WARN_CONSTANT_CONVERSION = YES;
				CLANG_WARN_DEPRECATED_OBJC_IMPLEMENTATIONS = YES;
				CLANG_WARN_DIRECT_OBJC_ISA_USAGE = YES_ERROR;
				CLANG_WARN_DOCUMENTATION_COMMENTS = YES;
				CLANG_WARN_EMPTY_BODY = YES;
				CLANG_WARN_ENUM_CONVERSION = YES;
				CLANG_WARN_INFINITE_RECURSION = YES;
				CLANG_WARN_INT_CONVERSION = YES;
				CLANG_WARN_NON_LITERAL_NULL_CONVERSION = YES;
				CLANG_WARN_OBJC_IMPLICIT_RETAIN_SELF = YES;
				CLANG_WARN_OBJC_LITERAL_CONVERSION = YES;
				CLANG_WARN_OBJC_ROOT_CLASS = YES_ERROR;
				CLANG_WARN_QUOTED_INCLUDE_IN_FRAMEWORK_HEADER = YES;
				CLANG_WARN_RANGE_LOOP_ANALYSIS = YES;
				CLANG_WARN_STRICT_PROTOTYPES = YES;
				CLANG_WARN_SUSPICIOUS_MOVE = YES;
				CLANG_WARN_UNGUARDED_AVAILABILITY = YES_AGGRESSIVE;
				CLANG_WARN_UNREACHABLE_CODE = YES;
				CLANG_WARN__DUPLICATE_METHOD_MATCH = YES;
				COPY_PHASE_STRIP = NO;
				DEBUG_INFORMATION_FORMAT = dwarf;
				ENABLE_STRICT_OBJC_MSGSEND = YES;
				ENABLE_TESTABILITY = YES;
				GCC_C_LANGUAGE_STANDARD = gnu11;
				GCC_DYNAMIC_NO_PIC = NO;
				GCC_NO_COMMON_BLOCKS = YES;
				GCC_OPTIMIZATION_LEVEL = 0;
				GCC_PREPROCESSOR_DEFINITIONS = (
					"DEBUG=1",
					"$(inherited)",
				);
				GCC_WARN_64_TO_32_BIT_CONVERSION = YES;
				GCC_WARN_ABOUT_RETURN_TYPE = YES_ERROR;
				GCC_WARN_UNDECLARED_SELECTOR = YES;
				GCC_WARN_UNINITIALIZED_AUTOS = YES_AGGRESSIVE;
				GCC_WARN_UNUSED_FUNCTION = YES;
				GCC_WARN_UNUSED_VARIABLE = YES;
				IPHONEOS_DEPLOYMENT_TARGET = 14.5;
				MTL_ENABLE_DEBUG_INFO = INCLUDE_SOURCE;
				MTL_FAST_MATH = YES;
				ONLY_ACTIVE_ARCH = YES;
				SDKROOT = iphoneos;
				SWIFT_ACTIVE_COMPILATION_CONDITIONS = DEBUG;
				SWIFT_OPTIMIZATION_LEVEL = "-Onone";
			};
			name = Debug;
		};
		A8DB9273268BACF0005F127D /* Release */ = {
			isa = XCBuildConfiguration;
			buildSettings = {
				ALWAYS_SEARCH_USER_PATHS = NO;
				CLANG_ANALYZER_NONNULL = YES;
				CLANG_ANALYZER_NUMBER_OBJECT_CONVERSION = YES_AGGRESSIVE;
				CLANG_CXX_LANGUAGE_STANDARD = "gnu++14";
				CLANG_CXX_LIBRARY = "libc++";
				CLANG_ENABLE_MODULES = YES;
				CLANG_ENABLE_OBJC_ARC = YES;
				CLANG_ENABLE_OBJC_WEAK = YES;
				CLANG_WARN_BLOCK_CAPTURE_AUTORELEASING = YES;
				CLANG_WARN_BOOL_CONVERSION = YES;
				CLANG_WARN_COMMA = YES;
				CLANG_WARN_CONSTANT_CONVERSION = YES;
				CLANG_WARN_DEPRECATED_OBJC_IMPLEMENTATIONS = YES;
				CLANG_WARN_DIRECT_OBJC_ISA_USAGE = YES_ERROR;
				CLANG_WARN_DOCUMENTATION_COMMENTS = YES;
				CLANG_WARN_EMPTY_BODY = YES;
				CLANG_WARN_ENUM_CONVERSION = YES;
				CLANG_WARN_INFINITE_RECURSION = YES;
				CLANG_WARN_INT_CONVERSION = YES;
				CLANG_WARN_NON_LITERAL_NULL_CONVERSION = YES;
				CLANG_WARN_OBJC_IMPLICIT_RETAIN_SELF = YES;
				CLANG_WARN_OBJC_LITERAL_CONVERSION = YES;
				CLANG_WARN_OBJC_ROOT_CLASS = YES_ERROR;
				CLANG_WARN_QUOTED_INCLUDE_IN_FRAMEWORK_HEADER = YES;
				CLANG_WARN_RANGE_LOOP_ANALYSIS = YES;
				CLANG_WARN_STRICT_PROTOTYPES = YES;
				CLANG_WARN_SUSPICIOUS_MOVE = YES;
				CLANG_WARN_UNGUARDED_AVAILABILITY = YES_AGGRESSIVE;
				CLANG_WARN_UNREACHABLE_CODE = YES;
				CLANG_WARN__DUPLICATE_METHOD_MATCH = YES;
				COPY_PHASE_STRIP = NO;
				DEBUG_INFORMATION_FORMAT = "dwarf-with-dsym";
				ENABLE_NS_ASSERTIONS = NO;
				ENABLE_STRICT_OBJC_MSGSEND = YES;
				GCC_C_LANGUAGE_STANDARD = gnu11;
				GCC_NO_COMMON_BLOCKS = YES;
				GCC_WARN_64_TO_32_BIT_CONVERSION = YES;
				GCC_WARN_ABOUT_RETURN_TYPE = YES_ERROR;
				GCC_WARN_UNDECLARED_SELECTOR = YES;
				GCC_WARN_UNINITIALIZED_AUTOS = YES_AGGRESSIVE;
				GCC_WARN_UNUSED_FUNCTION = YES;
				GCC_WARN_UNUSED_VARIABLE = YES;
				IPHONEOS_DEPLOYMENT_TARGET = 14.5;
				MTL_ENABLE_DEBUG_INFO = NO;
				MTL_FAST_MATH = YES;
				SDKROOT = iphoneos;
				SWIFT_COMPILATION_MODE = wholemodule;
				SWIFT_OPTIMIZATION_LEVEL = "-O";
				VALIDATE_PRODUCT = YES;
			};
			name = Release;
		};
		A8DB9275268BACF0005F127D /* Debug */ = {
			isa = XCBuildConfiguration;
			buildSettings = {
				ASSETCATALOG_COMPILER_APPICON_NAME = AppIcon;
				ASSETCATALOG_COMPILER_GLOBAL_ACCENT_COLOR_NAME = AccentColor;
				CODE_SIGN_STYLE = Automatic;
				INFOPLIST_FILE = mindful/Info.plist;
				IPHONEOS_DEPLOYMENT_TARGET = 14.4;
				LD_RUNPATH_SEARCH_PATHS = (
					"$(inherited)",
					"@executable_path/Frameworks",
				);
				PRODUCT_BUNDLE_IDENTIFIER = com.example.mindful;
				PRODUCT_NAME = "$(TARGET_NAME)";
				SWIFT_VERSION = 5.0;
				TARGETED_DEVICE_FAMILY = "1,2";
			};
			name = Debug;
		};
		A8DB9276268BACF0005F127D /* Release */ = {
			isa = XCBuildConfiguration;
			buildSettings = {
				ASSETCATALOG_COMPILER_APPICON_NAME = AppIcon;
				ASSETCATALOG_COMPILER_GLOBAL_ACCENT_COLOR_NAME = AccentColor;
				CODE_SIGN_STYLE = Automatic;
				INFOPLIST_FILE = mindful/Info.plist;
				IPHONEOS_DEPLOYMENT_TARGET = 14.4;
				LD_RUNPATH_SEARCH_PATHS = (
					"$(inherited)",
					"@executable_path/Frameworks",
				);
				PRODUCT_BUNDLE_IDENTIFIER = com.example.mindful;
				PRODUCT_NAME = "$(TARGET_NAME)";
				SWIFT_VERSION = 5.0;
				TARGETED_DEVICE_FAMILY = "1,2";
			};
			name = Release;
		};
/* End XCBuildConfiguration section */

/* Begin XCConfigurationList section */
		A8DB9258268BACEE005F127D /* Build configuration list for PBXProject "mindful" */ = {
			isa = XCConfigurationList;
			buildConfigurations = (
				A8DB9272268BACF0005F127D /* Debug */,
				A8DB9273268BACF0005F127D /* Release */,
			);
			defaultConfigurationIsVisible = 0;
			defaultConfigurationName = Release;
		};
		A8DB9274268BACF0005F127D /* Build configuration list for PBXNativeTarget "mindful" */ = {
			isa = XCConfigurationList;
			buildConfigurations = (
				A8DB9275268BACF0005F127D /* Debug */,
				A8DB9276268BACF0005F127D /* Release */,
			);
			defaultConfigurationIsVisible = 0;
			defaultConfigurationName = Release;
		};
/* End XCConfigurationList section */

/* Begin XCVersionGroup section */
		A8DB9269268BACEE005F127D /* mindful.xcdatamodeld */ = {
			isa = XCVersionGroup;
			children = (
				A8DB926A268BACEE005F127D /* mindful.xcdatamodel */,
			);
			currentVersion = A8DB926A268BACEE005F127D /* mindful.xcdatamodel */;
			path = mindful.xcdatamodeld;
			sourceTree = "<group>";
			versionGroupType = wrapper.xcdatamodel;
		};
/* End XCVersionGroup section */
	};
	rootObject = A8DB9255268BACEE005F127D /* Project object */;
}
